// !$*UTF8*$!
{
	archiveVersion = 1;
	classes = {
	};
	objectVersion = 46;
	objects = {

/* Begin PBXBuildFile section */
		281F624C19C798BB00DF0328 /* Foundation.framework in Frameworks */ = {isa = PBXBuildFile; fileRef = 281F624B19C798BB00DF0328 /* Foundation.framework */; };
		281F624E19C798BB00DF0328 /* CoreGraphics.framework in Frameworks */ = {isa = PBXBuildFile; fileRef = 281F624D19C798BB00DF0328 /* CoreGraphics.framework */; };
		281F625019C798BB00DF0328 /* UIKit.framework in Frameworks */ = {isa = PBXBuildFile; fileRef = 281F624F19C798BB00DF0328 /* UIKit.framework */; };
		281F625619C798BB00DF0328 /* InfoPlist.strings in Resources */ = {isa = PBXBuildFile; fileRef = 281F625419C798BB00DF0328 /* InfoPlist.strings */; };
		281F625819C798BB00DF0328 /* main.m in Sources */ = {isa = PBXBuildFile; fileRef = 281F625719C798BB00DF0328 /* main.m */; };
		281F625C19C798BB00DF0328 /* SSAppDelegate.m in Sources */ = {isa = PBXBuildFile; fileRef = 281F625B19C798BB00DF0328 /* SSAppDelegate.m */; };
		281F625F19C798BB00DF0328 /* Main.storyboard in Resources */ = {isa = PBXBuildFile; fileRef = 281F625D19C798BB00DF0328 /* Main.storyboard */; };
		281F626419C798BB00DF0328 /* Images.xcassets in Resources */ = {isa = PBXBuildFile; fileRef = 281F626319C798BB00DF0328 /* Images.xcassets */; };
		281F626B19C798BB00DF0328 /* XCTest.framework in Frameworks */ = {isa = PBXBuildFile; fileRef = 281F626A19C798BB00DF0328 /* XCTest.framework */; };
		281F626C19C798BB00DF0328 /* Foundation.framework in Frameworks */ = {isa = PBXBuildFile; fileRef = 281F624B19C798BB00DF0328 /* Foundation.framework */; };
		281F626D19C798BB00DF0328 /* UIKit.framework in Frameworks */ = {isa = PBXBuildFile; fileRef = 281F624F19C798BB00DF0328 /* UIKit.framework */; };
		281F627519C798BB00DF0328 /* InfoPlist.strings in Resources */ = {isa = PBXBuildFile; fileRef = 281F627319C798BB00DF0328 /* InfoPlist.strings */; };
		281F627719C798BB00DF0328 /* PlanetsTests.m in Sources */ = {isa = PBXBuildFile; fileRef = 281F627619C798BB00DF0328 /* PlanetsTests.m */; };
		281F628219C7997500DF0328 /* SSPlanetsTableViewController.m in Sources */ = {isa = PBXBuildFile; fileRef = 281F628119C7997500DF0328 /* SSPlanetsTableViewController.m */; };
		281F628819C7A61600DF0328 /* AstronomicalData.m in Sources */ = {isa = PBXBuildFile; fileRef = 281F628719C7A61600DF0328 /* AstronomicalData.m */; };
		28EA779519C89D060039A128 /* Earth.jpg in Resources */ = {isa = PBXBuildFile; fileRef = 28EA778B19C89D060039A128 /* Earth.jpg */; };
		28EA779619C89D060039A128 /* EinsteinRing.jpg in Resources */ = {isa = PBXBuildFile; fileRef = 28EA778C19C89D060039A128 /* EinsteinRing.jpg */; };
		28EA779719C89D060039A128 /* Jupiter.jpg in Resources */ = {isa = PBXBuildFile; fileRef = 28EA778D19C89D060039A128 /* Jupiter.jpg */; };
		28EA779819C89D060039A128 /* Mars.jpg in Resources */ = {isa = PBXBuildFile; fileRef = 28EA778E19C89D060039A128 /* Mars.jpg */; };
		28EA779919C89D060039A128 /* Mercury.jpg in Resources */ = {isa = PBXBuildFile; fileRef = 28EA778F19C89D060039A128 /* Mercury.jpg */; };
		28EA779A19C89D060039A128 /* Neptune.jpg in Resources */ = {isa = PBXBuildFile; fileRef = 28EA779019C89D060039A128 /* Neptune.jpg */; };
		28EA779B19C89D060039A128 /* Orion.jpg in Resources */ = {isa = PBXBuildFile; fileRef = 28EA779119C89D060039A128 /* Orion.jpg */; };
		28EA779C19C89D060039A128 /* Saturn.jpg in Resources */ = {isa = PBXBuildFile; fileRef = 28EA779219C89D060039A128 /* Saturn.jpg */; };
		28EA779D19C89D060039A128 /* Uranus.jpg in Resources */ = {isa = PBXBuildFile; fileRef = 28EA779319C89D060039A128 /* Uranus.jpg */; };
		28EA779E19C89D060039A128 /* Venus.jpg in Resources */ = {isa = PBXBuildFile; fileRef = 28EA779419C89D060039A128 /* Venus.jpg */; };
		28EA77A119C89D520039A128 /* SSObjectSpace.m in Sources */ = {isa = PBXBuildFile; fileRef = 28EA77A019C89D520039A128 /* SSObjectSpace.m */; };
		28EA77F019C8B32A0039A128 /* SSPlanetImageViewController.m in Sources */ = {isa = PBXBuildFile; fileRef = 28EA77EF19C8B32A0039A128 /* SSPlanetImageViewController.m */; };
		28EA77FC19C8D8770039A128 /* SSPlanetDataViewController.m in Sources */ = {isa = PBXBuildFile; fileRef = 28EA77FB19C8D8770039A128 /* SSPlanetDataViewController.m */; };
		28EA77FF19C8F2920039A128 /* SSAddPlanetObjectViewController.m in Sources */ = {isa = PBXBuildFile; fileRef = 28EA77FE19C8F2920039A128 /* SSAddPlanetObjectViewController.m */; };
/* End PBXBuildFile section */

/* Begin PBXContainerItemProxy section */
		281F626E19C798BB00DF0328 /* PBXContainerItemProxy */ = {
			isa = PBXContainerItemProxy;
			containerPortal = 281F624019C798BB00DF0328 /* Project object */;
			proxyType = 1;
			remoteGlobalIDString = 281F624719C798BB00DF0328;
			remoteInfo = Planets;
		};
/* End PBXContainerItemProxy section */

/* Begin PBXFileReference section */
		281F624819C798BB00DF0328 /* Planets.app */ = {isa = PBXFileReference; explicitFileType = wrapper.application; includeInIndex = 0; path = Planets.app; sourceTree = BUILT_PRODUCTS_DIR; };
		281F624B19C798BB00DF0328 /* Foundation.framework */ = {isa = PBXFileReference; lastKnownFileType = wrapper.framework; name = Foundation.framework; path = System/Library/Frameworks/Foundation.framework; sourceTree = SDKROOT; };
		281F624D19C798BB00DF0328 /* CoreGraphics.framework */ = {isa = PBXFileReference; lastKnownFileType = wrapper.framework; name = CoreGraphics.framework; path = System/Library/Frameworks/CoreGraphics.framework; sourceTree = SDKROOT; };
		281F624F19C798BB00DF0328 /* UIKit.framework */ = {isa = PBXFileReference; lastKnownFileType = wrapper.framework; name = UIKit.framework; path = System/Library/Frameworks/UIKit.framework; sourceTree = SDKROOT; };
		281F625319C798BB00DF0328 /* Planets-Info.plist */ = {isa = PBXFileReference; lastKnownFileType = text.plist.xml; path = "Planets-Info.plist"; sourceTree = "<group>"; };
		281F625519C798BB00DF0328 /* en */ = {isa = PBXFileReference; lastKnownFileType = text.plist.strings; name = en; path = en.lproj/InfoPlist.strings; sourceTree = "<group>"; };
		281F625719C798BB00DF0328 /* main.m */ = {isa = PBXFileReference; lastKnownFileType = sourcecode.c.objc; path = main.m; sourceTree = "<group>"; };
		281F625919C798BB00DF0328 /* Planets-Prefix.pch */ = {isa = PBXFileReference; lastKnownFileType = sourcecode.c.h; path = "Planets-Prefix.pch"; sourceTree = "<group>"; };
		281F625A19C798BB00DF0328 /* SSAppDelegate.h */ = {isa = PBXFileReference; lastKnownFileType = sourcecode.c.h; path = SSAppDelegate.h; sourceTree = "<group>"; };
		281F625B19C798BB00DF0328 /* SSAppDelegate.m */ = {isa = PBXFileReference; lastKnownFileType = sourcecode.c.objc; path = SSAppDelegate.m; sourceTree = "<group>"; };
		281F625E19C798BB00DF0328 /* Base */ = {isa = PBXFileReference; lastKnownFileType = file.storyboard; name = Base; path = Base.lproj/Main.storyboard; sourceTree = "<group>"; };
		281F626319C798BB00DF0328 /* Images.xcassets */ = {isa = PBXFileReference; lastKnownFileType = folder.assetcatalog; path = Images.xcassets; sourceTree = "<group>"; };
		281F626919C798BB00DF0328 /* PlanetsTests.xctest */ = {isa = PBXFileReference; explicitFileType = wrapper.cfbundle; includeInIndex = 0; path = PlanetsTests.xctest; sourceTree = BUILT_PRODUCTS_DIR; };
		281F626A19C798BB00DF0328 /* XCTest.framework */ = {isa = PBXFileReference; lastKnownFileType = wrapper.framework; name = XCTest.framework; path = Library/Frameworks/XCTest.framework; sourceTree = DEVELOPER_DIR; };
		281F627219C798BB00DF0328 /* PlanetsTests-Info.plist */ = {isa = PBXFileReference; lastKnownFileType = text.plist.xml; path = "PlanetsTests-Info.plist"; sourceTree = "<group>"; };
		281F627419C798BB00DF0328 /* en */ = {isa = PBXFileReference; lastKnownFileType = text.plist.strings; name = en; path = en.lproj/InfoPlist.strings; sourceTree = "<group>"; };
		281F627619C798BB00DF0328 /* PlanetsTests.m */ = {isa = PBXFileReference; lastKnownFileType = sourcecode.c.objc; path = PlanetsTests.m; sourceTree = "<group>"; };
		281F628019C7997500DF0328 /* SSPlanetsTableViewController.h */ = {isa = PBXFileReference; fileEncoding = 4; lastKnownFileType = sourcecode.c.h; name = SSPlanetsTableViewController.h; path = ../SSPlanetsTableViewController.h; sourceTree = "<group>"; };
		281F628119C7997500DF0328 /* SSPlanetsTableViewController.m */ = {isa = PBXFileReference; fileEncoding = 4; lastKnownFileType = sourcecode.c.objc; name = SSPlanetsTableViewController.m; path = ../SSPlanetsTableViewController.m; sourceTree = "<group>"; };
		281F628619C7A61600DF0328 /* AstronomicalData.h */ = {isa = PBXFileReference; fileEncoding = 4; lastKnownFileType = sourcecode.c.h; path = AstronomicalData.h; sourceTree = "<group>"; };
		281F628719C7A61600DF0328 /* AstronomicalData.m */ = {isa = PBXFileReference; fileEncoding = 4; lastKnownFileType = sourcecode.c.objc; path = AstronomicalData.m; sourceTree = "<group>"; };
		28EA778B19C89D060039A128 /* Earth.jpg */ = {isa = PBXFileReference; lastKnownFileType = image.jpeg; path = Earth.jpg; sourceTree = "<group>"; };
		28EA778C19C89D060039A128 /* EinsteinRing.jpg */ = {isa = PBXFileReference; lastKnownFileType = image.jpeg; path = EinsteinRing.jpg; sourceTree = "<group>"; };
		28EA778D19C89D060039A128 /* Jupiter.jpg */ = {isa = PBXFileReference; lastKnownFileType = image.jpeg; path = Jupiter.jpg; sourceTree = "<group>"; };
		28EA778E19C89D060039A128 /* Mars.jpg */ = {isa = PBXFileReference; lastKnownFileType = image.jpeg; path = Mars.jpg; sourceTree = "<group>"; };
		28EA778F19C89D060039A128 /* Mercury.jpg */ = {isa = PBXFileReference; lastKnownFileType = image.jpeg; path = Mercury.jpg; sourceTree = "<group>"; };
		28EA779019C89D060039A128 /* Neptune.jpg */ = {isa = PBXFileReference; lastKnownFileType = image.jpeg; path = Neptune.jpg; sourceTree = "<group>"; };
		28EA779119C89D060039A128 /* Orion.jpg */ = {isa = PBXFileReference; lastKnownFileType = image.jpeg; path = Orion.jpg; sourceTree = "<group>"; };
		28EA779219C89D060039A128 /* Saturn.jpg */ = {isa = PBXFileReference; lastKnownFileType = image.jpeg; path = Saturn.jpg; sourceTree = "<group>"; };
		28EA779319C89D060039A128 /* Uranus.jpg */ = {isa = PBXFileReference; lastKnownFileType = image.jpeg; path = Uranus.jpg; sourceTree = "<group>"; };
		28EA779419C89D060039A128 /* Venus.jpg */ = {isa = PBXFileReference; lastKnownFileType = image.jpeg; path = Venus.jpg; sourceTree = "<group>"; };
		28EA779F19C89D520039A128 /* SSObjectSpace.h */ = {isa = PBXFileReference; fileEncoding = 4; lastKnownFileType = sourcecode.c.h; path = SSObjectSpace.h; sourceTree = "<group>"; };
		28EA77A019C89D520039A128 /* SSObjectSpace.m */ = {isa = PBXFileReference; fileEncoding = 4; lastKnownFileType = sourcecode.c.objc; path = SSObjectSpace.m; sourceTree = "<group>"; };
		28EA77EE19C8B32A0039A128 /* SSPlanetImageViewController.h */ = {isa = PBXFileReference; fileEncoding = 4; lastKnownFileType = sourcecode.c.h; name = SSPlanetImageViewController.h; path = ../SSPlanetImageViewController.h; sourceTree = "<group>"; };
		28EA77EF19C8B32A0039A128 /* SSPlanetImageViewController.m */ = {isa = PBXFileReference; fileEncoding = 4; lastKnownFileType = sourcecode.c.objc; name = SSPlanetImageViewController.m; path = ../SSPlanetImageViewController.m; sourceTree = "<group>"; };
		28EA77FA19C8D8770039A128 /* SSPlanetDataViewController.h */ = {isa = PBXFileReference; fileEncoding = 4; lastKnownFileType = sourcecode.c.h; name = SSPlanetDataViewController.h; path = ../SSPlanetDataViewController.h; sourceTree = "<group>"; };
		28EA77FB19C8D8770039A128 /* SSPlanetDataViewController.m */ = {isa = PBXFileReference; fileEncoding = 4; lastKnownFileType = sourcecode.c.objc; name = SSPlanetDataViewController.m; path = ../SSPlanetDataViewController.m; sourceTree = "<group>"; };
		28EA77FD19C8F2920039A128 /* SSAddPlanetObjectViewController.h */ = {isa = PBXFileReference; fileEncoding = 4; lastKnownFileType = sourcecode.c.h; path = SSAddPlanetObjectViewController.h; sourceTree = "<group>"; };
		28EA77FE19C8F2920039A128 /* SSAddPlanetObjectViewController.m */ = {isa = PBXFileReference; fileEncoding = 4; lastKnownFileType = sourcecode.c.objc; path = SSAddPlanetObjectViewController.m; sourceTree = "<group>"; };
/* End PBXFileReference section */

/* Begin PBXFrameworksBuildPhase section */
		281F624519C798BB00DF0328 /* Frameworks */ = {
			isa = PBXFrameworksBuildPhase;
			buildActionMask = 2147483647;
			files = (
				281F624E19C798BB00DF0328 /* CoreGraphics.framework in Frameworks */,
				281F625019C798BB00DF0328 /* UIKit.framework in Frameworks */,
				281F624C19C798BB00DF0328 /* Foundation.framework in Frameworks */,
			);
			runOnlyForDeploymentPostprocessing = 0;
		};
		281F626619C798BB00DF0328 /* Frameworks */ = {
			isa = PBXFrameworksBuildPhase;
			buildActionMask = 2147483647;
			files = (
				281F626B19C798BB00DF0328 /* XCTest.framework in Frameworks */,
				281F626D19C798BB00DF0328 /* UIKit.framework in Frameworks */,
				281F626C19C798BB00DF0328 /* Foundation.framework in Frameworks */,
			);
			runOnlyForDeploymentPostprocessing = 0;
		};
/* End PBXFrameworksBuildPhase section */

/* Begin PBXGroup section */
		281F623F19C798BB00DF0328 = {
			isa = PBXGroup;
			children = (
				281F625119C798BB00DF0328 /* Planets */,
				281F627019C798BB00DF0328 /* PlanetsTests */,
				281F624A19C798BB00DF0328 /* Frameworks */,
				281F624919C798BB00DF0328 /* Products */,
			);
			sourceTree = "<group>";
		};
		281F624919C798BB00DF0328 /* Products */ = {
			isa = PBXGroup;
			children = (
				281F624819C798BB00DF0328 /* Planets.app */,
				281F626919C798BB00DF0328 /* PlanetsTests.xctest */,
			);
			name = Products;
			sourceTree = "<group>";
		};
		281F624A19C798BB00DF0328 /* Frameworks */ = {
			isa = PBXGroup;
			children = (
				281F624B19C798BB00DF0328 /* Foundation.framework */,
				281F624D19C798BB00DF0328 /* CoreGraphics.framework */,
				281F624F19C798BB00DF0328 /* UIKit.framework */,
				281F626A19C798BB00DF0328 /* XCTest.framework */,
			);
			name = Frameworks;
			sourceTree = "<group>";
		};
		281F625119C798BB00DF0328 /* Planets */ = {
			isa = PBXGroup;
			children = (
				281F625A19C798BB00DF0328 /* SSAppDelegate.h */,
				281F625B19C798BB00DF0328 /* SSAppDelegate.m */,
				281F625D19C798BB00DF0328 /* Main.storyboard */,
				28EA77F219C8B3500039A128 /* Controllers */,
				28EA77F119C8B33B0039A128 /* Model */,
				281F626319C798BB00DF0328 /* Images.xcassets */,
				281F625219C798BB00DF0328 /* Supporting Files */,
			);
			path = Planets;
			sourceTree = "<group>";
		};
		281F625219C798BB00DF0328 /* Supporting Files */ = {
			isa = PBXGroup;
			children = (
				28EA778B19C89D060039A128 /* Earth.jpg */,
				28EA778C19C89D060039A128 /* EinsteinRing.jpg */,
				28EA778D19C89D060039A128 /* Jupiter.jpg */,
				28EA778E19C89D060039A128 /* Mars.jpg */,
				28EA778F19C89D060039A128 /* Mercury.jpg */,
				28EA779019C89D060039A128 /* Neptune.jpg */,
				28EA779119C89D060039A128 /* Orion.jpg */,
				28EA779219C89D060039A128 /* Saturn.jpg */,
				28EA779319C89D060039A128 /* Uranus.jpg */,
				28EA779419C89D060039A128 /* Venus.jpg */,
				281F628619C7A61600DF0328 /* AstronomicalData.h */,
				281F628719C7A61600DF0328 /* AstronomicalData.m */,
				281F625319C798BB00DF0328 /* Planets-Info.plist */,
				281F625419C798BB00DF0328 /* InfoPlist.strings */,
				281F625719C798BB00DF0328 /* main.m */,
				281F625919C798BB00DF0328 /* Planets-Prefix.pch */,
			);
			name = "Supporting Files";
			sourceTree = "<group>";
		};
		281F627019C798BB00DF0328 /* PlanetsTests */ = {
			isa = PBXGroup;
			children = (
				281F627619C798BB00DF0328 /* PlanetsTests.m */,
				281F627119C798BB00DF0328 /* Supporting Files */,
			);
			path = PlanetsTests;
			sourceTree = "<group>";
		};
		281F627119C798BB00DF0328 /* Supporting Files */ = {
			isa = PBXGroup;
			children = (
				281F627219C798BB00DF0328 /* PlanetsTests-Info.plist */,
				281F627319C798BB00DF0328 /* InfoPlist.strings */,
			);
			name = "Supporting Files";
			sourceTree = "<group>";
		};
		28EA77F119C8B33B0039A128 /* Model */ = {
			isa = PBXGroup;
			children = (
				28EA779F19C89D520039A128 /* SSObjectSpace.h */,
				28EA77A019C89D520039A128 /* SSObjectSpace.m */,
			);
			name = Model;
			sourceTree = "<group>";
		};
		28EA77F219C8B3500039A128 /* Controllers */ = {
			isa = PBXGroup;
			children = (
				281F628019C7997500DF0328 /* SSPlanetsTableViewController.h */,
				281F628119C7997500DF0328 /* SSPlanetsTableViewController.m */,
				28EA77EE19C8B32A0039A128 /* SSPlanetImageViewController.h */,
				28EA77EF19C8B32A0039A128 /* SSPlanetImageViewController.m */,
				28EA77FA19C8D8770039A128 /* SSPlanetDataViewController.h */,
				28EA77FB19C8D8770039A128 /* SSPlanetDataViewController.m */,
				28EA77FD19C8F2920039A128 /* SSAddPlanetObjectViewController.h */,
				28EA77FE19C8F2920039A128 /* SSAddPlanetObjectViewController.m */,
			);
			name = Controllers;
			sourceTree = "<group>";
		};
/* End PBXGroup section */

/* Begin PBXNativeTarget section */
		281F624719C798BB00DF0328 /* Planets */ = {
			isa = PBXNativeTarget;
			buildConfigurationList = 281F627A19C798BB00DF0328 /* Build configuration list for PBXNativeTarget "Planets" */;
			buildPhases = (
				281F624419C798BB00DF0328 /* Sources */,
				281F624519C798BB00DF0328 /* Frameworks */,
				281F624619C798BB00DF0328 /* Resources */,
			);
			buildRules = (
			);
			dependencies = (
			);
			name = Planets;
			productName = Planets;
			productReference = 281F624819C798BB00DF0328 /* Planets.app */;
			productType = "com.apple.product-type.application";
		};
		281F626819C798BB00DF0328 /* PlanetsTests */ = {
			isa = PBXNativeTarget;
			buildConfigurationList = 281F627D19C798BB00DF0328 /* Build configuration list for PBXNativeTarget "PlanetsTests" */;
			buildPhases = (
				281F626519C798BB00DF0328 /* Sources */,
				281F626619C798BB00DF0328 /* Frameworks */,
				281F626719C798BB00DF0328 /* Resources */,
			);
			buildRules = (
			);
			dependencies = (
				281F626F19C798BB00DF0328 /* PBXTargetDependency */,
			);
			name = PlanetsTests;
			productName = PlanetsTests;
			productReference = 281F626919C798BB00DF0328 /* PlanetsTests.xctest */;
			productType = "com.apple.product-type.bundle.unit-test";
		};
/* End PBXNativeTarget section */

/* Begin PBXProject section */
		281F624019C798BB00DF0328 /* Project object */ = {
			isa = PBXProject;
			attributes = {
				CLASSPREFIX = SS;
				LastUpgradeCheck = 0510;
				ORGANIZATIONNAME = ZineOne;
				TargetAttributes = {
					281F626819C798BB00DF0328 = {
						TestTargetID = 281F624719C798BB00DF0328;
					};
				};
			};
			buildConfigurationList = 281F624319C798BB00DF0328 /* Build configuration list for PBXProject "Planets" */;
			compatibilityVersion = "Xcode 3.2";
			developmentRegion = English;
			hasScannedForEncodings = 0;
			knownRegions = (
				en,
				Base,
			);
			mainGroup = 281F623F19C798BB00DF0328;
			productRefGroup = 281F624919C798BB00DF0328 /* Products */;
			projectDirPath = "";
			projectRoot = "";
			targets = (
				281F624719C798BB00DF0328 /* Planets */,
				281F626819C798BB00DF0328 /* PlanetsTests */,
			);
		};
/* End PBXProject section */

/* Begin PBXResourcesBuildPhase section */
		281F624619C798BB00DF0328 /* Resources */ = {
			isa = PBXResourcesBuildPhase;
			buildActionMask = 2147483647;
			files = (
				28EA779519C89D060039A128 /* Earth.jpg in Resources */,
				28EA779E19C89D060039A128 /* Venus.jpg in Resources */,
				28EA779919C89D060039A128 /* Mercury.jpg in Resources */,
				28EA779C19C89D060039A128 /* Saturn.jpg in Resources */,
				28EA779D19C89D060039A128 /* Uranus.jpg in Resources */,
				281F626419C798BB00DF0328 /* Images.xcassets in Resources */,
				28EA779A19C89D060039A128 /* Neptune.jpg in Resources */,
				28EA779819C89D060039A128 /* Mars.jpg in Resources */,
				281F625619C798BB00DF0328 /* InfoPlist.strings in Resources */,
				281F625F19C798BB00DF0328 /* Main.storyboard in Resources */,
				28EA779619C89D060039A128 /* EinsteinRing.jpg in Resources */,
				28EA779719C89D060039A128 /* Jupiter.jpg in Resources */,
				28EA779B19C89D060039A128 /* Orion.jpg in Resources */,
			);
			runOnlyForDeploymentPostprocessing = 0;
		};
		281F626719C798BB00DF0328 /* Resources */ = {
			isa = PBXResourcesBuildPhase;
			buildActionMask = 2147483647;
			files = (
				281F627519C798BB00DF0328 /* InfoPlist.strings in Resources */,
			);
			runOnlyForDeploymentPostprocessing = 0;
		};
/* End PBXResourcesBuildPhase section */

/* Begin PBXSourcesBuildPhase section */
		281F624419C798BB00DF0328 /* Sources */ = {
			isa = PBXSourcesBuildPhase;
			buildActionMask = 2147483647;
			files = (
				281F628219C7997500DF0328 /* SSPlanetsTableViewController.m in Sources */,
				28EA77A119C89D520039A128 /* SSObjectSpace.m in Sources */,
				28EA77F019C8B32A0039A128 /* SSPlanetImageViewController.m in Sources */,
				281F625C19C798BB00DF0328 /* SSAppDelegate.m in Sources */,
				281F625819C798BB00DF0328 /* main.m in Sources */,
				281F628819C7A61600DF0328 /* AstronomicalData.m in Sources */,
				28EA77FC19C8D8770039A128 /* SSPlanetDataViewController.m in Sources */,
				28EA77FF19C8F2920039A128 /* SSAddPlanetObjectViewController.m in Sources */,
			);
			runOnlyForDeploymentPostprocessing = 0;
		};
		281F626519C798BB00DF0328 /* Sources */ = {
			isa = PBXSourcesBuildPhase;
			buildActionMask = 2147483647;
			files = (
				281F627719C798BB00DF0328 /* PlanetsTests.m in Sources */,
			);
			runOnlyForDeploymentPostprocessing = 0;
		};
/* End PBXSourcesBuildPhase section */

/* Begin PBXTargetDependency section */
		281F626F19C798BB00DF0328 /* PBXTargetDependency */ = {
			isa = PBXTargetDependency;
			target = 281F624719C798BB00DF0328 /* Planets */;
			targetProxy = 281F626E19C798BB00DF0328 /* PBXContainerItemProxy */;
		};
/* End PBXTargetDependency section */

/* Begin PBXVariantGroup section */
		281F625419C798BB00DF0328 /* InfoPlist.strings */ = {
			isa = PBXVariantGroup;
			children = (
				281F625519C798BB00DF0328 /* en */,
			);
			name = InfoPlist.strings;
			sourceTree = "<group>";
		};
		281F625D19C798BB00DF0328 /* Main.storyboard */ = {
			isa = PBXVariantGroup;
			children = (
				281F625E19C798BB00DF0328 /* Base */,
			);
			name = Main.storyboard;
			sourceTree = "<group>";
		};
		281F627319C798BB00DF0328 /* InfoPlist.strings */ = {
			isa = PBXVariantGroup;
			children = (
				281F627419C798BB00DF0328 /* en */,
			);
			name = InfoPlist.strings;
			sourceTree = "<group>";
		};
/* End PBXVariantGroup section */

/* Begin XCBuildConfiguration section */
		281F627819C798BB00DF0328 /* Debug */ = {
			isa = XCBuildConfiguration;
			buildSettings = {
				ALWAYS_SEARCH_USER_PATHS = NO;
				CLANG_CXX_LANGUAGE_STANDARD = "gnu++0x";
				CLANG_CXX_LIBRARY = "libc++";
				CLANG_ENABLE_MODULES = YES;
				CLANG_ENABLE_OBJC_ARC = YES;
				CLANG_WARN_BOOL_CONVERSION = YES;
				CLANG_WARN_CONSTANT_CONVERSION = YES;
				CLANG_WARN_DIRECT_OBJC_ISA_USAGE = YES_ERROR;
				CLANG_WARN_EMPTY_BODY = YES;
				CLANG_WARN_ENUM_CONVERSION = YES;
				CLANG_WARN_INT_CONVERSION = YES;
				CLANG_WARN_OBJC_ROOT_CLASS = YES_ERROR;
				CLANG_WARN__DUPLICATE_METHOD_MATCH = YES;
				"CODE_SIGN_IDENTITY[sdk=iphoneos*]" = "iPhone Developer";
				COPY_PHASE_STRIP = NO;
				GCC_C_LANGUAGE_STANDARD = gnu99;
				GCC_DYNAMIC_NO_PIC = NO;
				GCC_OPTIMIZATION_LEVEL = 0;
				GCC_PREPROCESSOR_DEFINITIONS = (
					"DEBUG=1",
					"$(inherited)",
				);
				GCC_SYMBOLS_PRIVATE_EXTERN = NO;
				GCC_WARN_64_TO_32_BIT_CONVERSION = YES;
				GCC_WARN_ABOUT_RETURN_TYPE = YES_ERROR;
				GCC_WARN_UNDECLARED_SELECTOR = YES;
				GCC_WARN_UNINITIALIZED_AUTOS = YES_AGGRESSIVE;
				GCC_WARN_UNUSED_FUNCTION = YES;
				GCC_WARN_UNUSED_VARIABLE = YES;
				IPHONEOS_DEPLOYMENT_TARGET = 7.1;
				ONLY_ACTIVE_ARCH = YES;
				SDKROOT = iphoneos;
			};
			name = Debug;
		};
		281F627919C798BB00DF0328 /* Release */ = {
			isa = XCBuildConfiguration;
			buildSettings = {
				ALWAYS_SEARCH_USER_PATHS = NO;
				CLANG_CXX_LANGUAGE_STANDARD = "gnu++0x";
				CLANG_CXX_LIBRARY = "libc++";
				CLANG_ENABLE_MODULES = YES;
				CLANG_ENABLE_OBJC_ARC = YES;
				CLANG_WARN_BOOL_CONVERSION = YES;
				CLANG_WARN_CONSTANT_CONVERSION = YES;
				CLANG_WARN_DIRECT_OBJC_ISA_USAGE = YES_ERROR;
				CLANG_WARN_EMPTY_BODY = YES;
				CLANG_WARN_ENUM_CONVERSION = YES;
				CLANG_WARN_INT_CONVERSION = YES;
				CLANG_WARN_OBJC_ROOT_CLASS = YES_ERROR;
				CLANG_WARN__DUPLICATE_METHOD_MATCH = YES;
				"CODE_SIGN_IDENTITY[sdk=iphoneos*]" = "iPhone Developer";
				COPY_PHASE_STRIP = YES;
				ENABLE_NS_ASSERTIONS = NO;
				GCC_C_LANGUAGE_STANDARD = gnu99;
				GCC_WARN_64_TO_32_BIT_CONVERSION = YES;
				GCC_WARN_ABOUT_RETURN_TYPE = YES_ERROR;
				GCC_WARN_UNDECLARED_SELECTOR = YES;
				GCC_WARN_UNINITIALIZED_AUTOS = YES_AGGRESSIVE;
				GCC_WARN_UNUSED_FUNCTION = YES;
				GCC_WARN_UNUSED_VARIABLE = YES;
				IPHONEOS_DEPLOYMENT_TARGET = 7.1;
				SDKROOT = iphoneos;
				VALIDATE_PRODUCT = YES;
			};
			name = Release;
		};
		281F627B19C798BB00DF0328 /* Debug */ = {
			isa = XCBuildConfiguration;
			buildSettings = {
				ASSETCATALOG_COMPILER_APPICON_NAME = AppIcon;
				ASSETCATALOG_COMPILER_LAUNCHIMAGE_NAME = LaunchImage;
				GCC_PRECOMPILE_PREFIX_HEADER = YES;
				GCC_PREFIX_HEADER = "Planets/Planets-Prefix.pch";
				INFOPLIST_FILE = "Planets/Planets-Info.plist";
				PRODUCT_NAME = "$(TARGET_NAME)";
				WRAPPER_EXTENSION = app;
			};
			name = Debug;
		};
		281F627C19C798BB00DF0328 /* Release */ = {
			isa = XCBuildConfiguration;
			buildSettings = {
				ASSETCATALOG_COMPILER_APPICON_NAME = AppIcon;
				ASSETCATALOG_COMPILER_LAUNCHIMAGE_NAME = LaunchImage;
				GCC_PRECOMPILE_PREFIX_HEADER = YES;
				GCC_PREFIX_HEADER = "Planets/Planets-Prefix.pch";
				INFOPLIST_FILE = "Planets/Planets-Info.plist";
				PRODUCT_NAME = "$(TARGET_NAME)";
				WRAPPER_EXTENSION = app;
			};
			name = Release;
		};
		281F627E19C798BB00DF0328 /* Debug */ = {
			isa = XCBuildConfiguration;
			buildSettings = {
				BUNDLE_LOADER = "$(BUILT_PRODUCTS_DIR)/Planets.app/Planets";
				FRAMEWORK_SEARCH_PATHS = (
					"$(SDKROOT)/Developer/Library/Frameworks",
					"$(inherited)",
					"$(DEVELOPER_FRAMEWORKS_DIR)",
				);
				GCC_PRECOMPILE_PREFIX_HEADER = YES;
				GCC_PREFIX_HEADER = "Planets/Planets-Prefix.pch";
				GCC_PREPROCESSOR_DEFINITIONS = (
					"DEBUG=1",
					"$(inherited)",
				);
				INFOPLIST_FILE = "PlanetsTests/PlanetsTests-Info.plist";
				PRODUCT_NAME = "$(TARGET_NAME)";
				TEST_HOST = "$(BUNDLE_LOADER)";
				WRAPPER_EXTENSION = xctest;
			};
			name = Debug;
		};
		281F627F19C798BB00DF0328 /* Release */ = {
			isa = XCBuildConfiguration;
			buildSettings = {
				BUNDLE_LOADER = "$(BUILT_PRODUCTS_DIR)/Planets.app/Planets";
				FRAMEWORK_SEARCH_PATHS = (
					"$(SDKROOT)/Developer/Library/Frameworks",
					"$(inherited)",
					"$(DEVELOPER_FRAMEWORKS_DIR)",
				);
				GCC_PRECOMPILE_PREFIX_HEADER = YES;
				GCC_PREFIX_HEADER = "Planets/Planets-Prefix.pch";
				INFOPLIST_FILE = "PlanetsTests/PlanetsTests-Info.plist";
				PRODUCT_NAME = "$(TARGET_NAME)";
				TEST_HOST = "$(BUNDLE_LOADER)";
				WRAPPER_EXTENSION = xctest;
			};
			name = Release;
		};
/* End XCBuildConfiguration section */

/* Begin XCConfigurationList section */
		281F624319C798BB00DF0328 /* Build configuration list for PBXProject "Planets" */ = {
			isa = XCConfigurationList;
			buildConfigurations = (
				281F627819C798BB00DF0328 /* Debug */,
				281F627919C798BB00DF0328 /* Release */,
			);
			defaultConfigurationIsVisible = 0;
			defaultConfigurationName = Release;
		};
		281F627A19C798BB00DF0328 /* Build configuration list for PBXNativeTarget "Planets" */ = {
			isa = XCConfigurationList;
			buildConfigurations = (
				281F627B19C798BB00DF0328 /* Debug */,
				281F627C19C798BB00DF0328 /* Release */,
			);
			defaultConfigurationIsVisible = 0;
			defaultConfigurationName = Release;
		};
		281F627D19C798BB00DF0328 /* Build configuration list for PBXNativeTarget "PlanetsTests" */ = {
			isa = XCConfigurationList;
			buildConfigurations = (
				281F627E19C798BB00DF0328 /* Debug */,
				281F627F19C798BB00DF0328 /* Release */,
			);
			defaultConfigurationIsVisible = 0;
			defaultConfigurationName = Release;
		};
/* End XCConfigurationList section */
	};
	rootObject = 281F624019C798BB00DF0328 /* Project object */;
}
